// !$*UTF8*$!
{
	archiveVersion = 1;
	classes = {
	};
	objectVersion = 46;
	objects = {

/* Begin PBXBuildFile section */
		912A53EF16E99F7900BBC013 /* NTOUGuide2ViewController.m in Sources */ = {isa = PBXBuildFile; fileRef = 912A53EA16E99F7900BBC013 /* NTOUGuide2ViewController.m */; };
		912A53F016E99F7900BBC013 /* NTOUGuideSetViewController.m in Sources */ = {isa = PBXBuildFile; fileRef = 912A53EC16E99F7900BBC013 /* NTOUGuideSetViewController.m */; };
		912A53F116E99F7900BBC013 /* NTOUGuideViewController.m in Sources */ = {isa = PBXBuildFile; fileRef = 912A53EE16E99F7900BBC013 /* NTOUGuideViewController.m */; };
		912A53F516E99FF500BBC013 /* CMModule.m in Sources */ = {isa = PBXBuildFile; fileRef = 912A53F416E99FF500BBC013 /* CMModule.m */; };
		912A540216E9A09600BBC013 /* beining.jpg in Resources */ = {isa = PBXBuildFile; fileRef = 912A53F716E9A09600BBC013 /* beining.jpg */; };
		912A540316E9A09600BBC013 /* CustomPagerViewController.m in Sources */ = {isa = PBXBuildFile; fileRef = 912A53F916E9A09600BBC013 /* CustomPagerViewController.m */; };
		912A540416E9A09600BBC013 /* jungjeng.jpg in Resources */ = {isa = PBXBuildFile; fileRef = 912A53FA16E9A09600BBC013 /* jungjeng.jpg */; };
		912A540516E9A09600BBC013 /* MainStoryboard.storyboard in Resources */ = {isa = PBXBuildFile; fileRef = 912A53FB16E9A09600BBC013 /* MainStoryboard.storyboard */; };
		912A540616E9A09600BBC013 /* PagerViewController.m in Sources */ = {isa = PBXBuildFile; fileRef = 912A53FD16E9A09600BBC013 /* PagerViewController.m */; };
		912A540716E9A09600BBC013 /* PeopleModule.m in Sources */ = {isa = PBXBuildFile; fileRef = 912A53FF16E9A09600BBC013 /* PeopleModule.m */; };
		912A540816E9A09600BBC013 /* shiangfeng.jpg in Resources */ = {isa = PBXBuildFile; fileRef = 912A540016E9A09600BBC013 /* shiangfeng.jpg */; };
		912A540916E9A09600BBC013 /* shinfeng.jpg in Resources */ = {isa = PBXBuildFile; fileRef = 912A540116E9A09600BBC013 /* shinfeng.jpg */; };
		913A0D1616E98EBA007BAD8F /* CameraViewController.m in Sources */ = {isa = PBXBuildFile; fileRef = 913A0D0E16E98EBA007BAD8F /* CameraViewController.m */; };
		913A0D1716E98EBA007BAD8F /* Emergency.xcdatamodeld in Sources */ = {isa = PBXBuildFile; fileRef = 913A0D0F16E98EBA007BAD8F /* Emergency.xcdatamodeld */; };
		913A0D1816E98EBA007BAD8F /* EmergencyModule.m in Sources */ = {isa = PBXBuildFile; fileRef = 913A0D1116E98EBA007BAD8F /* EmergencyModule.m */; };
		913A0D1916E98EBA007BAD8F /* EmergencyViewController.m in Sources */ = {isa = PBXBuildFile; fileRef = 913A0D1316E98EBA007BAD8F /* EmergencyViewController.m */; };
		913A0D1A16E98EBA007BAD8F /* OutCampusViewController.m in Sources */ = {isa = PBXBuildFile; fileRef = 913A0D1516E98EBA007BAD8F /* OutCampusViewController.m */; };
		913A0D1E16E98F99007BAD8F /* MessageUI.framework in Frameworks */ = {isa = PBXBuildFile; fileRef = 913A0D1D16E98F99007BAD8F /* MessageUI.framework */; };
		91A9004B16E854E500ECF2CF /* UIKit.framework in Frameworks */ = {isa = PBXBuildFile; fileRef = 91A9004A16E854E500ECF2CF /* UIKit.framework */; };
		91A9004D16E854E500ECF2CF /* Foundation.framework in Frameworks */ = {isa = PBXBuildFile; fileRef = 91A9004C16E854E500ECF2CF /* Foundation.framework */; };
		91A9004F16E854E500ECF2CF /* CoreGraphics.framework in Frameworks */ = {isa = PBXBuildFile; fileRef = 91A9004E16E854E500ECF2CF /* CoreGraphics.framework */; };
		91A9005516E854E500ECF2CF /* InfoPlist.strings in Resources */ = {isa = PBXBuildFile; fileRef = 91A9005316E854E500ECF2CF /* InfoPlist.strings */; };
		91A9005716E854E500ECF2CF /* main.m in Sources */ = {isa = PBXBuildFile; fileRef = 91A9005616E854E500ECF2CF /* main.m */; };
		91A9005B16E854E500ECF2CF /* AppDelegate.m in Sources */ = {isa = PBXBuildFile; fileRef = 91A9005A16E854E500ECF2CF /* AppDelegate.m */; };
		91A9005D16E854E500ECF2CF /* Default.png in Resources */ = {isa = PBXBuildFile; fileRef = 91A9005C16E854E500ECF2CF /* Default.png */; };
		91A9005F16E854E500ECF2CF /* Default@2x.png in Resources */ = {isa = PBXBuildFile; fileRef = 91A9005E16E854E500ECF2CF /* Default@2x.png */; };
		91A9006116E854E500ECF2CF /* Default-568h@2x.png in Resources */ = {isa = PBXBuildFile; fileRef = 91A9006016E854E500ECF2CF /* Default-568h@2x.png */; };
		91A9006D16E8555D00ECF2CF /* NTOUSpringboard.m in Sources */ = {isa = PBXBuildFile; fileRef = 91A9006C16E8555D00ECF2CF /* NTOUSpringboard.m */; };
		91A9007416E8597400ECF2CF /* UIKit+NTOUAdditions.m in Sources */ = {isa = PBXBuildFile; fileRef = 91A9007316E8597400ECF2CF /* UIKit+NTOUAdditions.m */; };
		91A9007716E85A9A00ECF2CF /* IconGrid.m in Sources */ = {isa = PBXBuildFile; fileRef = 91A9007616E85A9A00ECF2CF /* IconGrid.m */; };
		91A9007A16E85B3500ECF2CF /* NTOUModule.m in Sources */ = {isa = PBXBuildFile; fileRef = 91A9007916E85B3500ECF2CF /* NTOUModule.m */; };
		91A9007F16E85C8400ECF2CF /* AppDelegate+ModuleList.m in Sources */ = {isa = PBXBuildFile; fileRef = 91A9007E16E85C8400ECF2CF /* AppDelegate+ModuleList.m */; };
		91A9008216E8609200ECF2CF /* Rotation.m in Sources */ = {isa = PBXBuildFile; fileRef = 91A9008116E8609200ECF2CF /* Rotation.m */; };
		91A9008516E8613800ECF2CF /* NTOU_MobileAppDelegate+Private.m in Sources */ = {isa = PBXBuildFile; fileRef = 91A9008416E8613800ECF2CF /* NTOU_MobileAppDelegate+Private.m */; };
		91A9008816E8659E00ECF2CF /* NTOUConstants.m in Sources */ = {isa = PBXBuildFile; fileRef = 91A9008716E8659E00ECF2CF /* NTOUConstants.m */; };
		91A903A116E88E9D00ECF2CF /* global in Resources */ = {isa = PBXBuildFile; fileRef = 91A903A016E88E9D00ECF2CF /* global */; };
		91A9043616E899D200ECF2CF /* Annotation.m in Sources */ = {isa = PBXBuildFile; fileRef = 91A903A816E899D200ECF2CF /* Annotation.m */; };
		91A9043716E899D200ECF2CF /* CKCalendarView.m in Sources */ = {isa = PBXBuildFile; fileRef = 91A903AB16E899D200ECF2CF /* CKCalendarView.m */; };
		91A9043816E899D200ECF2CF /* CKViewController.m in Sources */ = {isa = PBXBuildFile; fileRef = 91A903AD16E899D200ECF2CF /* CKViewController.m */; };
		91A9043916E899D200ECF2CF /* left_arrow.png in Resources */ = {isa = PBXBuildFile; fileRef = 91A903B016E899D200ECF2CF /* left_arrow.png */; };
		91A9043A16E899D200ECF2CF /* right_arrow.png in Resources */ = {isa = PBXBuildFile; fileRef = 91A903B216E899D200ECF2CF /* right_arrow.png */; };
		91A9043B16E899D200ECF2CF /* DepatureViewController.m in Sources */ = {isa = PBXBuildFile; fileRef = 91A903B416E899D200ECF2CF /* DepatureViewController.m */; };
		91A9043C16E899D200ECF2CF /* DownloadingView.m in Sources */ = {isa = PBXBuildFile; fileRef = 91A903B616E899D200ECF2CF /* DownloadingView.m */; };
		91A9043D16E899D200ECF2CF /* EGORefreshTableHeaderView.m in Sources */ = {isa = PBXBuildFile; fileRef = 91A903B816E899D200ECF2CF /* EGORefreshTableHeaderView.m */; };
		91A9043E16E899D200ECF2CF /* HTSearchResultViewController.m in Sources */ = {isa = PBXBuildFile; fileRef = 91A903BA16E899D200ECF2CF /* HTSearchResultViewController.m */; };
		91A9043F16E899D200ECF2CF /* Info.png in Resources */ = {isa = PBXBuildFile; fileRef = 91A903BB16E899D200ECF2CF /* Info.png */; };
		91A9044016E899D200ECF2CF /* K_data.plist in Resources */ = {isa = PBXBuildFile; fileRef = 91A903BC16E899D200ECF2CF /* K_data.plist */; };
		91A9044116E899D200ECF2CF /* K_RouteViewController.m in Sources */ = {isa = PBXBuildFile; fileRef = 91A903BE16E899D200ECF2CF /* K_RouteViewController.m */; };
		91A9044216E899D200ECF2CF /* K_TimeView.m in Sources */ = {isa = PBXBuildFile; fileRef = 91A903C016E899D200ECF2CF /* K_TimeView.m */; };
		91A9044316E899D200ECF2CF /* Kuo_Data.m in Sources */ = {isa = PBXBuildFile; fileRef = 91A903C216E899D200ECF2CF /* Kuo_Data.m */; };
		91A9044416E899D200ECF2CF /* KUO_Data_Bra2.m in Sources */ = {isa = PBXBuildFile; fileRef = 91A903C416E899D200ECF2CF /* KUO_Data_Bra2.m */; };
		91A9044516E899D200ECF2CF /* KUO_KUANGViewController.m in Sources */ = {isa = PBXBuildFile; fileRef = 91A903C616E899D200ECF2CF /* KUO_KUANGViewController.m */; };
		91A9044616E899D200ECF2CF /* KUO_RouteViewController_Bra2.m in Sources */ = {isa = PBXBuildFile; fileRef = 91A903C816E899D200ECF2CF /* KUO_RouteViewController_Bra2.m */; };
		91A9044716E899D200ECF2CF /* KUO_TimeViewController.m in Sources */ = {isa = PBXBuildFile; fileRef = 91A903CA16E899D200ECF2CF /* KUO_TimeViewController.m */; };
		91A9044816E899D200ECF2CF /* NTOUGuide3ViewController.m in Sources */ = {isa = PBXBuildFile; fileRef = 91A903CD16E899D200ECF2CF /* NTOUGuide3ViewController.m */; };
		91A9044916E899D200ECF2CF /* NTOUGuide4ViewController.m in Sources */ = {isa = PBXBuildFile; fileRef = 91A903CF16E899D200ECF2CF /* NTOUGuide4ViewController.m */; };
		91A9044E16E899D200ECF2CF /* money-icon.png in Resources */ = {isa = PBXBuildFile; fileRef = 91A903D816E899D200ECF2CF /* money-icon.png */; };
		91A9045216E899D200ECF2CF /* NTOUTableViewControllerLayer1.m in Sources */ = {isa = PBXBuildFile; fileRef = 91A903E016E899D200ECF2CF /* NTOUTableViewControllerLayer1.m */; };
		91A9045316E899D200ECF2CF /* NTOUTableViewControllerLayer2.m in Sources */ = {isa = PBXBuildFile; fileRef = 91A903E216E899D200ECF2CF /* NTOUTableViewControllerLayer2.m */; };
		91A9045416E899D200ECF2CF /* OtherTrafficTrapViewController.m in Sources */ = {isa = PBXBuildFile; fileRef = 91A903E416E899D200ECF2CF /* OtherTrafficTrapViewController.m */; };
		91A9045516E899D200ECF2CF /* RequestOperation.m in Sources */ = {isa = PBXBuildFile; fileRef = 91A903E616E899D200ECF2CF /* RequestOperation.m */; };
		91A9045616E899D200ECF2CF /* bank.png in Resources */ = {isa = PBXBuildFile; fileRef = 91A903E816E899D200ECF2CF /* bank.png */; };
		91A9045716E899D200ECF2CF /* gigoung_train.png in Resources */ = {isa = PBXBuildFile; fileRef = 91A903E916E899D200ECF2CF /* gigoung_train.png */; };
		91A9045816E899D200ECF2CF /* local_speed_train.png in Resources */ = {isa = PBXBuildFile; fileRef = 91A903EA16E899D200ECF2CF /* local_speed_train.png */; };
		91A9045916E899D200ECF2CF /* local_train.png in Resources */ = {isa = PBXBuildFile; fileRef = 91A903EB16E899D200ECF2CF /* local_train.png */; };
		91A9045A16E899D200ECF2CF /* magnify.png in Resources */ = {isa = PBXBuildFile; fileRef = 91A903EC16E899D200ECF2CF /* magnify.png */; };
		91A9045B16E899D200ECF2CF /* speed_train.png in Resources */ = {isa = PBXBuildFile; fileRef = 91A903ED16E899D200ECF2CF /* speed_train.png */; };
		91A9045C16E899D200ECF2CF /* TimeDrive.png in Resources */ = {isa = PBXBuildFile; fileRef = 91A903EE16E899D200ECF2CF /* TimeDrive.png */; };
		91A9045D16E899D200ECF2CF /* train.png in Resources */ = {isa = PBXBuildFile; fileRef = 91A903EF16E899D200ECF2CF /* train.png */; };
		91A9045E16E899D200ECF2CF /* RouteDetailViewController.m in Sources */ = {isa = PBXBuildFile; fileRef = 91A903F116E899D200ECF2CF /* RouteDetailViewController.m */; };
		91A9046316E899D200ECF2CF /* setHTOriginAndTerminalViewController.m in Sources */ = {isa = PBXBuildFile; fileRef = 91A903FA16E899D200ECF2CF /* setHTOriginAndTerminalViewController.m */; };
		91A9046416E899D200ECF2CF /* SetOriginAndStationViewController.m in Sources */ = {isa = PBXBuildFile; fileRef = 91A903FC16E899D200ECF2CF /* SetOriginAndStationViewController.m */; };
		91A9046516E899D200ECF2CF /* SetStationViewController.m in Sources */ = {isa = PBXBuildFile; fileRef = 91A903FE16E899D200ECF2CF /* SetStationViewController.m */; };
		91A9046616E899D200ECF2CF /* SetTimeViewController.m in Sources */ = {isa = PBXBuildFile; fileRef = 91A9040016E899D200ECF2CF /* SetTimeViewController.m */; };
		91A9046916E899D200ECF2CF /* ShuttleModule.m in Sources */ = {isa = PBXBuildFile; fileRef = 91A9040616E899D200ECF2CF /* ShuttleModule.m */; };
		91A9047516E899D200ECF2CF /* stationNum.txt in Resources */ = {isa = PBXBuildFile; fileRef = 91A9041A16E899D200ECF2CF /* stationNum.txt */; };
		91A9047616E899D200ECF2CF /* stationNumber.plist in Resources */ = {isa = PBXBuildFile; fileRef = 91A9041B16E899D200ECF2CF /* stationNumber.plist */; };
		91A9047716E899D200ECF2CF /* pickerBackground.png in Resources */ = {isa = PBXBuildFile; fileRef = 91A9041D16E899D200ECF2CF /* pickerBackground.png */; };
		91A9047816E899D200ECF2CF /* pickerBackground@2x.png in Resources */ = {isa = PBXBuildFile; fileRef = 91A9041E16E899D200ECF2CF /* pickerBackground@2x.png */; };
		91A9047916E899D200ECF2CF /* pickerGlass.png in Resources */ = {isa = PBXBuildFile; fileRef = 91A9041F16E899D200ECF2CF /* pickerGlass.png */; };
		91A9047A16E899D200ECF2CF /* pickerGlass@2x.png in Resources */ = {isa = PBXBuildFile; fileRef = 91A9042016E899D200ECF2CF /* pickerGlass@2x.png */; };
		91A9047B16E899D200ECF2CF /* pickerShadows.png in Resources */ = {isa = PBXBuildFile; fileRef = 91A9042116E899D200ECF2CF /* pickerShadows.png */; };
		91A9047C16E899D200ECF2CF /* StationPickerBackgroundShadows.png in Resources */ = {isa = PBXBuildFile; fileRef = 91A9042216E899D200ECF2CF /* StationPickerBackgroundShadows.png */; };
		91A9047D16E899D200ECF2CF /* StationView.m in Sources */ = {isa = PBXBuildFile; fileRef = 91A9042416E899D200ECF2CF /* StationView.m */; };
		91A9047E16E899D200ECF2CF /* StopsLocationMapViewController.m in Sources */ = {isa = PBXBuildFile; fileRef = 91A9042616E899D200ECF2CF /* StopsLocationMapViewController.m */; };
		91A9047F16E899D200ECF2CF /* StopsLocationViewController.m in Sources */ = {isa = PBXBuildFile; fileRef = 91A9042816E899D200ECF2CF /* StopsLocationViewController.m */; };
		91A9048016E899D200ECF2CF /* StopsViewController.m in Sources */ = {isa = PBXBuildFile; fileRef = 91A9042A16E899D200ECF2CF /* StopsViewController.m */; };
		91A9048116E899D200ECF2CF /* TFHpple.m in Sources */ = {isa = PBXBuildFile; fileRef = 91A9042C16E899D200ECF2CF /* TFHpple.m */; };
		91A9048216E899D200ECF2CF /* TFHppleElement.m in Sources */ = {isa = PBXBuildFile; fileRef = 91A9042E16E899D200ECF2CF /* TFHppleElement.m */; };
		91A9048316E899D200ECF2CF /* ThroughTap.m in Sources */ = {isa = PBXBuildFile; fileRef = 91A9043016E899D200ECF2CF /* ThroughTap.m */; };
		91A9048416E899D200ECF2CF /* Time.png in Resources */ = {isa = PBXBuildFile; fileRef = 91A9043116E899D200ECF2CF /* Time.png */; };
		91A9048516E899D200ECF2CF /* TrainStyleViewController.m in Sources */ = {isa = PBXBuildFile; fileRef = 91A9043316E899D200ECF2CF /* TrainStyleViewController.m */; };
		91A9048616E899D200ECF2CF /* XPathQuery.m in Sources */ = {isa = PBXBuildFile; fileRef = 91A9043516E899D200ECF2CF /* XPathQuery.m */; };
		91A9048816E89A3700ECF2CF /* libxml2.2.dylib in Frameworks */ = {isa = PBXBuildFile; fileRef = 91A9048716E89A3700ECF2CF /* libxml2.2.dylib */; };
		91A9048B16E89BF200ECF2CF /* SecondaryGroupedTableViewCell.m in Sources */ = {isa = PBXBuildFile; fileRef = 91A9048A16E89BF100ECF2CF /* SecondaryGroupedTableViewCell.m */; };
		91A9048E16E89C8B00ECF2CF /* ClassLabelBasis.m in Sources */ = {isa = PBXBuildFile; fileRef = 91A9048D16E89C8B00ECF2CF /* ClassLabelBasis.m */; };
		91A9049116E89E5500ECF2CF /* StationInfoViewController.m in Sources */ = {isa = PBXBuildFile; fileRef = 91A9049016E89E5400ECF2CF /* StationInfoViewController.m */; };
		91A9049316E89FB000ECF2CF /* MapKit.framework in Frameworks */ = {isa = PBXBuildFile; fileRef = 91A9049216E89FAF00ECF2CF /* MapKit.framework */; };
		91A9049516E89FE400ECF2CF /* QuartzCore.framework in Frameworks */ = {isa = PBXBuildFile; fileRef = 91A9049416E89FE300ECF2CF /* QuartzCore.framework */; };
		91A9049716E8A02600ECF2CF /* SystemConfiguration.framework in Frameworks */ = {isa = PBXBuildFile; fileRef = 91A9049616E8A02400ECF2CF /* SystemConfiguration.framework */; };
		91A9049B16E8A09A00ECF2CF /* icons in Resources */ = {isa = PBXBuildFile; fileRef = 91A9049A16E8A09A00ECF2CF /* icons */; };
/* End PBXBuildFile section */

/* Begin PBXFileReference section */
		912A53E916E99F7900BBC013 /* NTOUGuide2ViewController.h */ = {isa = PBXFileReference; fileEncoding = 4; lastKnownFileType = sourcecode.c.h; path = NTOUGuide2ViewController.h; sourceTree = "<group>"; };
		912A53EA16E99F7900BBC013 /* NTOUGuide2ViewController.m */ = {isa = PBXFileReference; fileEncoding = 4; lastKnownFileType = sourcecode.c.objc; path = NTOUGuide2ViewController.m; sourceTree = "<group>"; };
		912A53EB16E99F7900BBC013 /* NTOUGuideSetViewController.h */ = {isa = PBXFileReference; fileEncoding = 4; lastKnownFileType = sourcecode.c.h; path = NTOUGuideSetViewController.h; sourceTree = "<group>"; };
		912A53EC16E99F7900BBC013 /* NTOUGuideSetViewController.m */ = {isa = PBXFileReference; fileEncoding = 4; lastKnownFileType = sourcecode.c.objc; path = NTOUGuideSetViewController.m; sourceTree = "<group>"; };
		912A53ED16E99F7900BBC013 /* NTOUGuideViewController.h */ = {isa = PBXFileReference; fileEncoding = 4; lastKnownFileType = sourcecode.c.h; path = NTOUGuideViewController.h; sourceTree = "<group>"; };
		912A53EE16E99F7900BBC013 /* NTOUGuideViewController.m */ = {isa = PBXFileReference; fileEncoding = 4; lastKnownFileType = sourcecode.c.objc; path = NTOUGuideViewController.m; sourceTree = "<group>"; };
		912A53F316E99FF500BBC013 /* CMModule.h */ = {isa = PBXFileReference; fileEncoding = 4; lastKnownFileType = sourcecode.c.h; name = CMModule.h; path = "../../../../NTOU_MobileBeta/Modules/Campus Map/CMModule.h"; sourceTree = "<group>"; };
		912A53F416E99FF500BBC013 /* CMModule.m */ = {isa = PBXFileReference; fileEncoding = 4; lastKnownFileType = sourcecode.c.objc; name = CMModule.m; path = "../../../../NTOU_MobileBeta/Modules/Campus Map/CMModule.m"; sourceTree = "<group>"; };
		912A53F716E9A09600BBC013 /* beining.jpg */ = {isa = PBXFileReference; lastKnownFileType = image.jpeg; path = beining.jpg; sourceTree = "<group>"; };
		912A53F816E9A09600BBC013 /* CustomPagerViewController.h */ = {isa = PBXFileReference; fileEncoding = 4; lastKnownFileType = sourcecode.c.h; path = CustomPagerViewController.h; sourceTree = "<group>"; };
		912A53F916E9A09600BBC013 /* CustomPagerViewController.m */ = {isa = PBXFileReference; fileEncoding = 4; lastKnownFileType = sourcecode.c.objc; path = CustomPagerViewController.m; sourceTree = "<group>"; };
		912A53FA16E9A09600BBC013 /* jungjeng.jpg */ = {isa = PBXFileReference; lastKnownFileType = image.jpeg; path = jungjeng.jpg; sourceTree = "<group>"; };
		912A53FB16E9A09600BBC013 /* MainStoryboard.storyboard */ = {isa = PBXFileReference; fileEncoding = 4; lastKnownFileType = file.storyboard; path = MainStoryboard.storyboard; sourceTree = "<group>"; };
		912A53FC16E9A09600BBC013 /* PagerViewController.h */ = {isa = PBXFileReference; fileEncoding = 4; lastKnownFileType = sourcecode.c.h; path = PagerViewController.h; sourceTree = "<group>"; };
		912A53FD16E9A09600BBC013 /* PagerViewController.m */ = {isa = PBXFileReference; fileEncoding = 4; lastKnownFileType = sourcecode.c.objc; path = PagerViewController.m; sourceTree = "<group>"; };
		912A53FE16E9A09600BBC013 /* PeopleModule.h */ = {isa = PBXFileReference; fileEncoding = 4; lastKnownFileType = sourcecode.c.h; path = PeopleModule.h; sourceTree = "<group>"; };
		912A53FF16E9A09600BBC013 /* PeopleModule.m */ = {isa = PBXFileReference; fileEncoding = 4; lastKnownFileType = sourcecode.c.objc; path = PeopleModule.m; sourceTree = "<group>"; };
		912A540016E9A09600BBC013 /* shiangfeng.jpg */ = {isa = PBXFileReference; lastKnownFileType = image.jpeg; path = shiangfeng.jpg; sourceTree = "<group>"; };
		912A540116E9A09600BBC013 /* shinfeng.jpg */ = {isa = PBXFileReference; lastKnownFileType = image.jpeg; path = shinfeng.jpg; sourceTree = "<group>"; };
		913A0D0D16E98EBA007BAD8F /* CameraViewController.h */ = {isa = PBXFileReference; fileEncoding = 4; lastKnownFileType = sourcecode.c.h; path = CameraViewController.h; sourceTree = "<group>"; };
		913A0D0E16E98EBA007BAD8F /* CameraViewController.m */ = {isa = PBXFileReference; fileEncoding = 4; lastKnownFileType = sourcecode.c.objc; path = CameraViewController.m; sourceTree = "<group>"; };
		913A0D1016E98EBA007BAD8F /* EmergencyModule.h */ = {isa = PBXFileReference; fileEncoding = 4; lastKnownFileType = sourcecode.c.h; path = EmergencyModule.h; sourceTree = "<group>"; };
		913A0D1116E98EBA007BAD8F /* EmergencyModule.m */ = {isa = PBXFileReference; fileEncoding = 4; lastKnownFileType = sourcecode.c.objc; path = EmergencyModule.m; sourceTree = "<group>"; };
		913A0D1216E98EBA007BAD8F /* EmergencyViewController.h */ = {isa = PBXFileReference; fileEncoding = 4; lastKnownFileType = sourcecode.c.h; path = EmergencyViewController.h; sourceTree = "<group>"; };
		913A0D1316E98EBA007BAD8F /* EmergencyViewController.m */ = {isa = PBXFileReference; fileEncoding = 4; lastKnownFileType = sourcecode.c.objc; path = EmergencyViewController.m; sourceTree = "<group>"; };
		913A0D1416E98EBA007BAD8F /* OutCampusViewController.h */ = {isa = PBXFileReference; fileEncoding = 4; lastKnownFileType = sourcecode.c.h; path = OutCampusViewController.h; sourceTree = "<group>"; };
		913A0D1516E98EBA007BAD8F /* OutCampusViewController.m */ = {isa = PBXFileReference; fileEncoding = 4; lastKnownFileType = sourcecode.c.objc; path = OutCampusViewController.m; sourceTree = "<group>"; };
		913A0D1C16E98F66007BAD8F /* NTOUModule+Protected.h */ = {isa = PBXFileReference; fileEncoding = 4; lastKnownFileType = sourcecode.c.h; path = "NTOUModule+Protected.h"; sourceTree = "<group>"; };
		913A0D1D16E98F99007BAD8F /* MessageUI.framework */ = {isa = PBXFileReference; lastKnownFileType = wrapper.framework; name = MessageUI.framework; path = System/Library/Frameworks/MessageUI.framework; sourceTree = SDKROOT; };
		91A9004616E854E500ECF2CF /* NTOU_Mobile.app */ = {isa = PBXFileReference; explicitFileType = wrapper.application; includeInIndex = 0; path = NTOU_Mobile.app; sourceTree = BUILT_PRODUCTS_DIR; };
		91A9004A16E854E500ECF2CF /* UIKit.framework */ = {isa = PBXFileReference; lastKnownFileType = wrapper.framework; name = UIKit.framework; path = System/Library/Frameworks/UIKit.framework; sourceTree = SDKROOT; };
		91A9004C16E854E500ECF2CF /* Foundation.framework */ = {isa = PBXFileReference; lastKnownFileType = wrapper.framework; name = Foundation.framework; path = System/Library/Frameworks/Foundation.framework; sourceTree = SDKROOT; };
		91A9004E16E854E500ECF2CF /* CoreGraphics.framework */ = {isa = PBXFileReference; lastKnownFileType = wrapper.framework; name = CoreGraphics.framework; path = System/Library/Frameworks/CoreGraphics.framework; sourceTree = SDKROOT; };
		91A9005216E854E500ECF2CF /* NTOU_Mobile-Info.plist */ = {isa = PBXFileReference; lastKnownFileType = text.plist.xml; path = "NTOU_Mobile-Info.plist"; sourceTree = "<group>"; };
		91A9005416E854E500ECF2CF /* en */ = {isa = PBXFileReference; lastKnownFileType = text.plist.strings; name = en; path = en.lproj/InfoPlist.strings; sourceTree = "<group>"; };
		91A9005616E854E500ECF2CF /* main.m */ = {isa = PBXFileReference; lastKnownFileType = sourcecode.c.objc; path = main.m; sourceTree = "<group>"; };
		91A9005816E854E500ECF2CF /* NTOU_Mobile-Prefix.pch */ = {isa = PBXFileReference; lastKnownFileType = sourcecode.c.h; path = "NTOU_Mobile-Prefix.pch"; sourceTree = "<group>"; };
		91A9005916E854E500ECF2CF /* AppDelegate.h */ = {isa = PBXFileReference; lastKnownFileType = sourcecode.c.h; path = AppDelegate.h; sourceTree = "<group>"; };
		91A9005A16E854E500ECF2CF /* AppDelegate.m */ = {isa = PBXFileReference; lastKnownFileType = sourcecode.c.objc; path = AppDelegate.m; sourceTree = "<group>"; };
		91A9005C16E854E500ECF2CF /* Default.png */ = {isa = PBXFileReference; lastKnownFileType = image.png; path = Default.png; sourceTree = "<group>"; };
		91A9005E16E854E500ECF2CF /* Default@2x.png */ = {isa = PBXFileReference; lastKnownFileType = image.png; path = "Default@2x.png"; sourceTree = "<group>"; };
		91A9006016E854E500ECF2CF /* Default-568h@2x.png */ = {isa = PBXFileReference; lastKnownFileType = image.png; path = "Default-568h@2x.png"; sourceTree = "<group>"; };
		91A9006B16E8555D00ECF2CF /* NTOUSpringboard.h */ = {isa = PBXFileReference; fileEncoding = 4; lastKnownFileType = sourcecode.c.h; path = NTOUSpringboard.h; sourceTree = "<group>"; };
		91A9006C16E8555D00ECF2CF /* NTOUSpringboard.m */ = {isa = PBXFileReference; fileEncoding = 4; lastKnownFileType = sourcecode.c.objc; path = NTOUSpringboard.m; sourceTree = "<group>"; };
		91A9006E16E8589C00ECF2CF /* IconGrid.h */ = {isa = PBXFileReference; fileEncoding = 4; lastKnownFileType = sourcecode.c.h; path = IconGrid.h; sourceTree = "<group>"; };
		91A9007216E8597400ECF2CF /* UIKit+NTOUAdditions.h */ = {isa = PBXFileReference; fileEncoding = 4; lastKnownFileType = sourcecode.c.h; path = "UIKit+NTOUAdditions.h"; sourceTree = "<group>"; };
		91A9007316E8597400ECF2CF /* UIKit+NTOUAdditions.m */ = {isa = PBXFileReference; fileEncoding = 4; lastKnownFileType = sourcecode.c.objc; path = "UIKit+NTOUAdditions.m"; sourceTree = "<group>"; };
		91A9007516E85A2900ECF2CF /* NTOUUIConstants.h */ = {isa = PBXFileReference; fileEncoding = 4; lastKnownFileType = sourcecode.c.h; path = NTOUUIConstants.h; sourceTree = "<group>"; };
		91A9007616E85A9A00ECF2CF /* IconGrid.m */ = {isa = PBXFileReference; fileEncoding = 4; lastKnownFileType = sourcecode.c.objc; path = IconGrid.m; sourceTree = "<group>"; };
		91A9007816E85B3500ECF2CF /* NTOUModule.h */ = {isa = PBXFileReference; fileEncoding = 4; lastKnownFileType = sourcecode.c.h; path = NTOUModule.h; sourceTree = "<group>"; };
		91A9007916E85B3500ECF2CF /* NTOUModule.m */ = {isa = PBXFileReference; fileEncoding = 4; lastKnownFileType = sourcecode.c.objc; path = NTOUModule.m; sourceTree = "<group>"; };
		91A9007B16E85C5A00ECF2CF /* AppDelegate+ModuleList.h */ = {isa = PBXFileReference; fileEncoding = 4; lastKnownFileType = sourcecode.c.h; path = "AppDelegate+ModuleList.h"; sourceTree = "<group>"; };
		91A9007E16E85C8400ECF2CF /* AppDelegate+ModuleList.m */ = {isa = PBXFileReference; fileEncoding = 4; lastKnownFileType = sourcecode.c.objc; path = "AppDelegate+ModuleList.m"; sourceTree = "<group>"; };
		91A9008016E8609200ECF2CF /* Rotation.h */ = {isa = PBXFileReference; fileEncoding = 4; lastKnownFileType = sourcecode.c.h; path = Rotation.h; sourceTree = "<group>"; };
		91A9008116E8609200ECF2CF /* Rotation.m */ = {isa = PBXFileReference; fileEncoding = 4; lastKnownFileType = sourcecode.c.objc; path = Rotation.m; sourceTree = "<group>"; };
		91A9008316E8613800ECF2CF /* NTOU_MobileAppDelegate+Private.h */ = {isa = PBXFileReference; fileEncoding = 4; lastKnownFileType = sourcecode.c.h; path = "NTOU_MobileAppDelegate+Private.h"; sourceTree = "<group>"; };
		91A9008416E8613800ECF2CF /* NTOU_MobileAppDelegate+Private.m */ = {isa = PBXFileReference; fileEncoding = 4; lastKnownFileType = sourcecode.c.objc; path = "NTOU_MobileAppDelegate+Private.m"; sourceTree = "<group>"; };
		91A9008616E8659D00ECF2CF /* NTOUConstants.h */ = {isa = PBXFileReference; fileEncoding = 4; lastKnownFileType = sourcecode.c.h; path = NTOUConstants.h; sourceTree = "<group>"; };
		91A9008716E8659E00ECF2CF /* NTOUConstants.m */ = {isa = PBXFileReference; fileEncoding = 4; lastKnownFileType = sourcecode.c.objc; path = NTOUConstants.m; sourceTree = "<group>"; };
		91A903A016E88E9D00ECF2CF /* global */ = {isa = PBXFileReference; lastKnownFileType = folder; path = global; sourceTree = "<group>"; };
		91A903A716E899D200ECF2CF /* Annotation.h */ = {isa = PBXFileReference; fileEncoding = 4; lastKnownFileType = sourcecode.c.h; path = Annotation.h; sourceTree = "<group>"; };
		91A903A816E899D200ECF2CF /* Annotation.m */ = {isa = PBXFileReference; fileEncoding = 4; lastKnownFileType = sourcecode.c.objc; path = Annotation.m; sourceTree = "<group>"; };
		91A903AA16E899D200ECF2CF /* CKCalendarView.h */ = {isa = PBXFileReference; fileEncoding = 4; lastKnownFileType = sourcecode.c.h; path = CKCalendarView.h; sourceTree = "<group>"; };
		91A903AB16E899D200ECF2CF /* CKCalendarView.m */ = {isa = PBXFileReference; fileEncoding = 4; lastKnownFileType = sourcecode.c.objc; path = CKCalendarView.m; sourceTree = "<group>"; };
		91A903AC16E899D200ECF2CF /* CKViewController.h */ = {isa = PBXFileReference; fileEncoding = 4; lastKnownFileType = sourcecode.c.h; path = CKViewController.h; sourceTree = "<group>"; };
		91A903AD16E899D200ECF2CF /* CKViewController.m */ = {isa = PBXFileReference; fileEncoding = 4; lastKnownFileType = sourcecode.c.objc; path = CKViewController.m; sourceTree = "<group>"; };
		91A903AE16E899D200ECF2CF /* CKViewDelegate.h */ = {isa = PBXFileReference; fileEncoding = 4; lastKnownFileType = sourcecode.c.h; path = CKViewDelegate.h; sourceTree = "<group>"; };
		91A903AF16E899D200ECF2CF /* LayoutStyle.h */ = {isa = PBXFileReference; fileEncoding = 4; lastKnownFileType = sourcecode.c.h; path = LayoutStyle.h; sourceTree = "<group>"; };
		91A903B016E899D200ECF2CF /* left_arrow.png */ = {isa = PBXFileReference; lastKnownFileType = image.png; path = left_arrow.png; sourceTree = "<group>"; };
		91A903B116E899D200ECF2CF /* LunarDataSource.h */ = {isa = PBXFileReference; fileEncoding = 4; lastKnownFileType = sourcecode.c.h; path = LunarDataSource.h; sourceTree = "<group>"; };
		91A903B216E899D200ECF2CF /* right_arrow.png */ = {isa = PBXFileReference; lastKnownFileType = image.png; path = right_arrow.png; sourceTree = "<group>"; };
		91A903B316E899D200ECF2CF /* DepatureViewController.h */ = {isa = PBXFileReference; fileEncoding = 4; lastKnownFileType = sourcecode.c.h; path = DepatureViewController.h; sourceTree = "<group>"; };
		91A903B416E899D200ECF2CF /* DepatureViewController.m */ = {isa = PBXFileReference; fileEncoding = 4; lastKnownFileType = sourcecode.c.objc; path = DepatureViewController.m; sourceTree = "<group>"; };
		91A903B516E899D200ECF2CF /* DownloadingView.h */ = {isa = PBXFileReference; fileEncoding = 4; lastKnownFileType = sourcecode.c.h; path = DownloadingView.h; sourceTree = "<group>"; };
		91A903B616E899D200ECF2CF /* DownloadingView.m */ = {isa = PBXFileReference; fileEncoding = 4; lastKnownFileType = sourcecode.c.objc; path = DownloadingView.m; sourceTree = "<group>"; };
		91A903B716E899D200ECF2CF /* EGORefreshTableHeaderView.h */ = {isa = PBXFileReference; fileEncoding = 4; lastKnownFileType = sourcecode.c.h; path = EGORefreshTableHeaderView.h; sourceTree = "<group>"; };
		91A903B816E899D200ECF2CF /* EGORefreshTableHeaderView.m */ = {isa = PBXFileReference; fileEncoding = 4; lastKnownFileType = sourcecode.c.objc; path = EGORefreshTableHeaderView.m; sourceTree = "<group>"; };
		91A903B916E899D200ECF2CF /* HTSearchResultViewController.h */ = {isa = PBXFileReference; fileEncoding = 4; lastKnownFileType = sourcecode.c.h; path = HTSearchResultViewController.h; sourceTree = "<group>"; };
		91A903BA16E899D200ECF2CF /* HTSearchResultViewController.m */ = {isa = PBXFileReference; fileEncoding = 4; lastKnownFileType = sourcecode.c.objc; path = HTSearchResultViewController.m; sourceTree = "<group>"; };
		91A903BB16E899D200ECF2CF /* Info.png */ = {isa = PBXFileReference; lastKnownFileType = image.png; path = Info.png; sourceTree = "<group>"; };
		91A903BC16E899D200ECF2CF /* K_data.plist */ = {isa = PBXFileReference; lastKnownFileType = file.bplist; path = K_data.plist; sourceTree = "<group>"; };
		91A903BD16E899D200ECF2CF /* K_RouteViewController.h */ = {isa = PBXFileReference; fileEncoding = 4; lastKnownFileType = sourcecode.c.h; path = K_RouteViewController.h; sourceTree = "<group>"; };
		91A903BE16E899D200ECF2CF /* K_RouteViewController.m */ = {isa = PBXFileReference; fileEncoding = 4; lastKnownFileType = sourcecode.c.objc; path = K_RouteViewController.m; sourceTree = "<group>"; };
		91A903BF16E899D200ECF2CF /* K_TimeView.h */ = {isa = PBXFileReference; fileEncoding = 4; lastKnownFileType = sourcecode.c.h; path = K_TimeView.h; sourceTree = "<group>"; };
		91A903C016E899D200ECF2CF /* K_TimeView.m */ = {isa = PBXFileReference; fileEncoding = 4; lastKnownFileType = sourcecode.c.objc; path = K_TimeView.m; sourceTree = "<group>"; };
		91A903C116E899D200ECF2CF /* Kuo_Data.h */ = {isa = PBXFileReference; fileEncoding = 4; lastKnownFileType = sourcecode.c.h; path = Kuo_Data.h; sourceTree = "<group>"; };
		91A903C216E899D200ECF2CF /* Kuo_Data.m */ = {isa = PBXFileReference; fileEncoding = 4; lastKnownFileType = sourcecode.c.objc; path = Kuo_Data.m; sourceTree = "<group>"; };
		91A903C316E899D200ECF2CF /* KUO_Data_Bra2.h */ = {isa = PBXFileReference; fileEncoding = 4; lastKnownFileType = sourcecode.c.h; path = KUO_Data_Bra2.h; sourceTree = "<group>"; };
		91A903C416E899D200ECF2CF /* KUO_Data_Bra2.m */ = {isa = PBXFileReference; fileEncoding = 4; lastKnownFileType = sourcecode.c.objc; path = KUO_Data_Bra2.m; sourceTree = "<group>"; };
		91A903C516E899D200ECF2CF /* KUO_KUANGViewController.h */ = {isa = PBXFileReference; fileEncoding = 4; lastKnownFileType = sourcecode.c.h; path = KUO_KUANGViewController.h; sourceTree = "<group>"; };
		91A903C616E899D200ECF2CF /* KUO_KUANGViewController.m */ = {isa = PBXFileReference; fileEncoding = 4; lastKnownFileType = sourcecode.c.objc; path = KUO_KUANGViewController.m; sourceTree = "<group>"; };
		91A903C716E899D200ECF2CF /* KUO_RouteViewController_Bra2.h */ = {isa = PBXFileReference; fileEncoding = 4; lastKnownFileType = sourcecode.c.h; path = KUO_RouteViewController_Bra2.h; sourceTree = "<group>"; };
		91A903C816E899D200ECF2CF /* KUO_RouteViewController_Bra2.m */ = {isa = PBXFileReference; fileEncoding = 4; lastKnownFileType = sourcecode.c.objc; path = KUO_RouteViewController_Bra2.m; sourceTree = "<group>"; };
		91A903C916E899D200ECF2CF /* KUO_TimeViewController.h */ = {isa = PBXFileReference; fileEncoding = 4; lastKnownFileType = sourcecode.c.h; path = KUO_TimeViewController.h; sourceTree = "<group>"; };
		91A903CA16E899D200ECF2CF /* KUO_TimeViewController.m */ = {isa = PBXFileReference; fileEncoding = 4; lastKnownFileType = sourcecode.c.objc; path = KUO_TimeViewController.m; sourceTree = "<group>"; };
		91A903CC16E899D200ECF2CF /* NTOUGuide3ViewController.h */ = {isa = PBXFileReference; fileEncoding = 4; lastKnownFileType = sourcecode.c.h; path = NTOUGuide3ViewController.h; sourceTree = "<group>"; };
		91A903CD16E899D200ECF2CF /* NTOUGuide3ViewController.m */ = {isa = PBXFileReference; fileEncoding = 4; lastKnownFileType = sourcecode.c.objc; path = NTOUGuide3ViewController.m; sourceTree = "<group>"; };
		91A903CE16E899D200ECF2CF /* NTOUGuide4ViewController.h */ = {isa = PBXFileReference; fileEncoding = 4; lastKnownFileType = sourcecode.c.h; path = NTOUGuide4ViewController.h; sourceTree = "<group>"; };
		91A903CF16E899D200ECF2CF /* NTOUGuide4ViewController.m */ = {isa = PBXFileReference; fileEncoding = 4; lastKnownFileType = sourcecode.c.objc; path = NTOUGuide4ViewController.m; sourceTree = "<group>"; };
		91A903D816E899D200ECF2CF /* money-icon.png */ = {isa = PBXFileReference; lastKnownFileType = image.png; path = "money-icon.png"; sourceTree = "<group>"; };
		91A903DF16E899D200ECF2CF /* NTOUTableViewControllerLayer1.h */ = {isa = PBXFileReference; fileEncoding = 4; lastKnownFileType = sourcecode.c.h; path = NTOUTableViewControllerLayer1.h; sourceTree = "<group>"; };
		91A903E016E899D200ECF2CF /* NTOUTableViewControllerLayer1.m */ = {isa = PBXFileReference; fileEncoding = 4; lastKnownFileType = sourcecode.c.objc; path = NTOUTableViewControllerLayer1.m; sourceTree = "<group>"; };
		91A903E116E899D200ECF2CF /* NTOUTableViewControllerLayer2.h */ = {isa = PBXFileReference; fileEncoding = 4; lastKnownFileType = sourcecode.c.h; path = NTOUTableViewControllerLayer2.h; sourceTree = "<group>"; };
		91A903E216E899D200ECF2CF /* NTOUTableViewControllerLayer2.m */ = {isa = PBXFileReference; fileEncoding = 4; lastKnownFileType = sourcecode.c.objc; path = NTOUTableViewControllerLayer2.m; sourceTree = "<group>"; };
		91A903E316E899D200ECF2CF /* OtherTrafficTrapViewController.h */ = {isa = PBXFileReference; fileEncoding = 4; lastKnownFileType = sourcecode.c.h; path = OtherTrafficTrapViewController.h; sourceTree = "<group>"; };
		91A903E416E899D200ECF2CF /* OtherTrafficTrapViewController.m */ = {isa = PBXFileReference; fileEncoding = 4; lastKnownFileType = sourcecode.c.objc; path = OtherTrafficTrapViewController.m; sourceTree = "<group>"; };
		91A903E516E899D200ECF2CF /* RequestOperation.h */ = {isa = PBXFileReference; fileEncoding = 4; lastKnownFileType = sourcecode.c.h; path = RequestOperation.h; sourceTree = "<group>"; };
		91A903E616E899D200ECF2CF /* RequestOperation.m */ = {isa = PBXFileReference; fileEncoding = 4; lastKnownFileType = sourcecode.c.objc; path = RequestOperation.m; sourceTree = "<group>"; };
		91A903E816E899D200ECF2CF /* bank.png */ = {isa = PBXFileReference; lastKnownFileType = image.png; path = bank.png; sourceTree = "<group>"; };
		91A903E916E899D200ECF2CF /* gigoung_train.png */ = {isa = PBXFileReference; lastKnownFileType = image.png; path = gigoung_train.png; sourceTree = "<group>"; };
		91A903EA16E899D200ECF2CF /* local_speed_train.png */ = {isa = PBXFileReference; lastKnownFileType = image.png; path = local_speed_train.png; sourceTree = "<group>"; };
		91A903EB16E899D200ECF2CF /* local_train.png */ = {isa = PBXFileReference; lastKnownFileType = image.png; path = local_train.png; sourceTree = "<group>"; };
		91A903EC16E899D200ECF2CF /* magnify.png */ = {isa = PBXFileReference; lastKnownFileType = image.png; path = magnify.png; sourceTree = "<group>"; };
		91A903ED16E899D200ECF2CF /* speed_train.png */ = {isa = PBXFileReference; lastKnownFileType = image.png; path = speed_train.png; sourceTree = "<group>"; };
		91A903EE16E899D200ECF2CF /* TimeDrive.png */ = {isa = PBXFileReference; lastKnownFileType = image.png; path = TimeDrive.png; sourceTree = "<group>"; };
		91A903EF16E899D200ECF2CF /* train.png */ = {isa = PBXFileReference; lastKnownFileType = image.png; path = train.png; sourceTree = "<group>"; };
		91A903F016E899D200ECF2CF /* RouteDetailViewController.h */ = {isa = PBXFileReference; fileEncoding = 4; lastKnownFileType = sourcecode.c.h; path = RouteDetailViewController.h; sourceTree = "<group>"; };
		91A903F116E899D200ECF2CF /* RouteDetailViewController.m */ = {isa = PBXFileReference; fileEncoding = 4; lastKnownFileType = sourcecode.c.objc; path = RouteDetailViewController.m; sourceTree = "<group>"; };
		91A903F916E899D200ECF2CF /* setHTOriginAndTerminalViewController.h */ = {isa = PBXFileReference; fileEncoding = 4; lastKnownFileType = sourcecode.c.h; path = setHTOriginAndTerminalViewController.h; sourceTree = "<group>"; };
		91A903FA16E899D200ECF2CF /* setHTOriginAndTerminalViewController.m */ = {isa = PBXFileReference; fileEncoding = 4; lastKnownFileType = sourcecode.c.objc; path = setHTOriginAndTerminalViewController.m; sourceTree = "<group>"; };
		91A903FB16E899D200ECF2CF /* SetOriginAndStationViewController.h */ = {isa = PBXFileReference; fileEncoding = 4; lastKnownFileType = sourcecode.c.h; path = SetOriginAndStationViewController.h; sourceTree = "<group>"; };
		91A903FC16E899D200ECF2CF /* SetOriginAndStationViewController.m */ = {isa = PBXFileReference; fileEncoding = 4; lastKnownFileType = sourcecode.c.objc; path = SetOriginAndStationViewController.m; sourceTree = "<group>"; };
		91A903FD16E899D200ECF2CF /* SetStationViewController.h */ = {isa = PBXFileReference; fileEncoding = 4; lastKnownFileType = sourcecode.c.h; path = SetStationViewController.h; sourceTree = "<group>"; };
		91A903FE16E899D200ECF2CF /* SetStationViewController.m */ = {isa = PBXFileReference; fileEncoding = 4; lastKnownFileType = sourcecode.c.objc; path = SetStationViewController.m; sourceTree = "<group>"; };
		91A903FF16E899D200ECF2CF /* SetTimeViewController.h */ = {isa = PBXFileReference; fileEncoding = 4; lastKnownFileType = sourcecode.c.h; path = SetTimeViewController.h; sourceTree = "<group>"; };
		91A9040016E899D200ECF2CF /* SetTimeViewController.m */ = {isa = PBXFileReference; fileEncoding = 4; lastKnownFileType = sourcecode.c.objc; path = SetTimeViewController.m; sourceTree = "<group>"; };
		91A9040516E899D200ECF2CF /* ShuttleModule.h */ = {isa = PBXFileReference; fileEncoding = 4; lastKnownFileType = sourcecode.c.h; path = ShuttleModule.h; sourceTree = "<group>"; };
		91A9040616E899D200ECF2CF /* ShuttleModule.m */ = {isa = PBXFileReference; fileEncoding = 4; lastKnownFileType = sourcecode.c.objc; path = ShuttleModule.m; sourceTree = "<group>"; };
		91A9041A16E899D200ECF2CF /* stationNum.txt */ = {isa = PBXFileReference; fileEncoding = 4; lastKnownFileType = text; path = stationNum.txt; sourceTree = "<group>"; };
		91A9041B16E899D200ECF2CF /* stationNumber.plist */ = {isa = PBXFileReference; fileEncoding = 4; lastKnownFileType = text.plist.xml; path = stationNumber.plist; sourceTree = "<group>"; };
		91A9041D16E899D200ECF2CF /* pickerBackground.png */ = {isa = PBXFileReference; lastKnownFileType = image.png; path = pickerBackground.png; sourceTree = "<group>"; };
		91A9041E16E899D200ECF2CF /* pickerBackground@2x.png */ = {isa = PBXFileReference; lastKnownFileType = image.png; path = "pickerBackground@2x.png"; sourceTree = "<group>"; };
		91A9041F16E899D200ECF2CF /* pickerGlass.png */ = {isa = PBXFileReference; lastKnownFileType = image.png; path = pickerGlass.png; sourceTree = "<group>"; };
		91A9042016E899D200ECF2CF /* pickerGlass@2x.png */ = {isa = PBXFileReference; lastKnownFileType = image.png; path = "pickerGlass@2x.png"; sourceTree = "<group>"; };
		91A9042116E899D200ECF2CF /* pickerShadows.png */ = {isa = PBXFileReference; lastKnownFileType = image.png; path = pickerShadows.png; sourceTree = "<group>"; };
		91A9042216E899D200ECF2CF /* StationPickerBackgroundShadows.png */ = {isa = PBXFileReference; lastKnownFileType = image.png; path = StationPickerBackgroundShadows.png; sourceTree = "<group>"; };
		91A9042316E899D200ECF2CF /* StationView.h */ = {isa = PBXFileReference; fileEncoding = 4; lastKnownFileType = sourcecode.c.h; path = StationView.h; sourceTree = "<group>"; };
		91A9042416E899D200ECF2CF /* StationView.m */ = {isa = PBXFileReference; fileEncoding = 4; lastKnownFileType = sourcecode.c.objc; path = StationView.m; sourceTree = "<group>"; };
		91A9042516E899D200ECF2CF /* StopsLocationMapViewController.h */ = {isa = PBXFileReference; fileEncoding = 4; lastKnownFileType = sourcecode.c.h; path = StopsLocationMapViewController.h; sourceTree = "<group>"; };
		91A9042616E899D200ECF2CF /* StopsLocationMapViewController.m */ = {isa = PBXFileReference; fileEncoding = 4; lastKnownFileType = sourcecode.c.objc; path = StopsLocationMapViewController.m; sourceTree = "<group>"; };
		91A9042716E899D200ECF2CF /* StopsLocationViewController.h */ = {isa = PBXFileReference; fileEncoding = 4; lastKnownFileType = sourcecode.c.h; path = StopsLocationViewController.h; sourceTree = "<group>"; };
		91A9042816E899D200ECF2CF /* StopsLocationViewController.m */ = {isa = PBXFileReference; fileEncoding = 4; lastKnownFileType = sourcecode.c.objc; path = StopsLocationViewController.m; sourceTree = "<group>"; };
		91A9042916E899D200ECF2CF /* StopsViewController.h */ = {isa = PBXFileReference; fileEncoding = 4; lastKnownFileType = sourcecode.c.h; path = StopsViewController.h; sourceTree = "<group>"; };
		91A9042A16E899D200ECF2CF /* StopsViewController.m */ = {isa = PBXFileReference; fileEncoding = 4; lastKnownFileType = sourcecode.c.objc; path = StopsViewController.m; sourceTree = "<group>"; };
		91A9042B16E899D200ECF2CF /* TFHpple.h */ = {isa = PBXFileReference; fileEncoding = 4; lastKnownFileType = sourcecode.c.h; path = TFHpple.h; sourceTree = "<group>"; };
		91A9042C16E899D200ECF2CF /* TFHpple.m */ = {isa = PBXFileReference; fileEncoding = 4; lastKnownFileType = sourcecode.c.objc; path = TFHpple.m; sourceTree = "<group>"; };
		91A9042D16E899D200ECF2CF /* TFHppleElement.h */ = {isa = PBXFileReference; fileEncoding = 4; lastKnownFileType = sourcecode.c.h; path = TFHppleElement.h; sourceTree = "<group>"; };
		91A9042E16E899D200ECF2CF /* TFHppleElement.m */ = {isa = PBXFileReference; fileEncoding = 4; lastKnownFileType = sourcecode.c.objc; path = TFHppleElement.m; sourceTree = "<group>"; };
		91A9042F16E899D200ECF2CF /* ThroughTap.h */ = {isa = PBXFileReference; fileEncoding = 4; lastKnownFileType = sourcecode.c.h; path = ThroughTap.h; sourceTree = "<group>"; };
		91A9043016E899D200ECF2CF /* ThroughTap.m */ = {isa = PBXFileReference; fileEncoding = 4; lastKnownFileType = sourcecode.c.objc; path = ThroughTap.m; sourceTree = "<group>"; };
		91A9043116E899D200ECF2CF /* Time.png */ = {isa = PBXFileReference; lastKnownFileType = image.png; path = Time.png; sourceTree = "<group>"; };
		91A9043216E899D200ECF2CF /* TrainStyleViewController.h */ = {isa = PBXFileReference; fileEncoding = 4; lastKnownFileType = sourcecode.c.h; path = TrainStyleViewController.h; sourceTree = "<group>"; };
		91A9043316E899D200ECF2CF /* TrainStyleViewController.m */ = {isa = PBXFileReference; fileEncoding = 4; lastKnownFileType = sourcecode.c.objc; path = TrainStyleViewController.m; sourceTree = "<group>"; };
		91A9043416E899D200ECF2CF /* XPathQuery.h */ = {isa = PBXFileReference; fileEncoding = 4; lastKnownFileType = sourcecode.c.h; path = XPathQuery.h; sourceTree = "<group>"; };
		91A9043516E899D200ECF2CF /* XPathQuery.m */ = {isa = PBXFileReference; fileEncoding = 4; lastKnownFileType = sourcecode.c.objc; path = XPathQuery.m; sourceTree = "<group>"; };
		91A9048716E89A3700ECF2CF /* libxml2.2.dylib */ = {isa = PBXFileReference; lastKnownFileType = "compiled.mach-o.dylib"; name = libxml2.2.dylib; path = usr/lib/libxml2.2.dylib; sourceTree = SDKROOT; };
		91A9048916E89BF100ECF2CF /* SecondaryGroupedTableViewCell.h */ = {isa = PBXFileReference; fileEncoding = 4; lastKnownFileType = sourcecode.c.h; path = SecondaryGroupedTableViewCell.h; sourceTree = "<group>"; };
		91A9048A16E89BF100ECF2CF /* SecondaryGroupedTableViewCell.m */ = {isa = PBXFileReference; fileEncoding = 4; lastKnownFileType = sourcecode.c.objc; path = SecondaryGroupedTableViewCell.m; sourceTree = "<group>"; };
		91A9048C16E89C8B00ECF2CF /* ClassLabelBasis.h */ = {isa = PBXFileReference; fileEncoding = 4; lastKnownFileType = sourcecode.c.h; path = ClassLabelBasis.h; sourceTree = "<group>"; };
		91A9048D16E89C8B00ECF2CF /* ClassLabelBasis.m */ = {isa = PBXFileReference; fileEncoding = 4; lastKnownFileType = sourcecode.c.objc; path = ClassLabelBasis.m; sourceTree = "<group>"; };
		91A9048F16E89E5200ECF2CF /* StationInfoViewController.h */ = {isa = PBXFileReference; fileEncoding = 4; lastKnownFileType = sourcecode.c.h; path = StationInfoViewController.h; sourceTree = "<group>"; };
		91A9049016E89E5400ECF2CF /* StationInfoViewController.m */ = {isa = PBXFileReference; fileEncoding = 4; lastKnownFileType = sourcecode.c.objc; path = StationInfoViewController.m; sourceTree = "<group>"; };
		91A9049216E89FAF00ECF2CF /* MapKit.framework */ = {isa = PBXFileReference; lastKnownFileType = wrapper.framework; name = MapKit.framework; path = System/Library/Frameworks/MapKit.framework; sourceTree = SDKROOT; };
		91A9049416E89FE300ECF2CF /* QuartzCore.framework */ = {isa = PBXFileReference; lastKnownFileType = wrapper.framework; name = QuartzCore.framework; path = System/Library/Frameworks/QuartzCore.framework; sourceTree = SDKROOT; };
		91A9049616E8A02400ECF2CF /* SystemConfiguration.framework */ = {isa = PBXFileReference; lastKnownFileType = wrapper.framework; name = SystemConfiguration.framework; path = System/Library/Frameworks/SystemConfiguration.framework; sourceTree = SDKROOT; };
		91A9049A16E8A09A00ECF2CF /* icons */ = {isa = PBXFileReference; lastKnownFileType = folder; path = icons; sourceTree = "<group>"; };
/* End PBXFileReference section */

/* Begin PBXFrameworksBuildPhase section */
		91A9004316E854E500ECF2CF /* Frameworks */ = {
			isa = PBXFrameworksBuildPhase;
			buildActionMask = 2147483647;
			files = (
				913A0D1E16E98F99007BAD8F /* MessageUI.framework in Frameworks */,
				91A9049716E8A02600ECF2CF /* SystemConfiguration.framework in Frameworks */,
				91A9049516E89FE400ECF2CF /* QuartzCore.framework in Frameworks */,
				91A9049316E89FB000ECF2CF /* MapKit.framework in Frameworks */,
				91A9048816E89A3700ECF2CF /* libxml2.2.dylib in Frameworks */,
				91A9004B16E854E500ECF2CF /* UIKit.framework in Frameworks */,
				91A9004D16E854E500ECF2CF /* Foundation.framework in Frameworks */,
				91A9004F16E854E500ECF2CF /* CoreGraphics.framework in Frameworks */,
			);
			runOnlyForDeploymentPostprocessing = 0;
		};
/* End PBXFrameworksBuildPhase section */

/* Begin PBXGroup section */
		912A53E816E99F7900BBC013 /* Guide */ = {
			isa = PBXGroup;
			children = (
				912A53F316E99FF500BBC013 /* CMModule.h */,
				912A53F416E99FF500BBC013 /* CMModule.m */,
				912A53E916E99F7900BBC013 /* NTOUGuide2ViewController.h */,
				912A53EA16E99F7900BBC013 /* NTOUGuide2ViewController.m */,
				912A53EB16E99F7900BBC013 /* NTOUGuideSetViewController.h */,
				912A53EC16E99F7900BBC013 /* NTOUGuideSetViewController.m */,
				912A53ED16E99F7900BBC013 /* NTOUGuideViewController.h */,
				912A53EE16E99F7900BBC013 /* NTOUGuideViewController.m */,
			);
			name = Guide;
			path = module/Guide;
			sourceTree = "<group>";
		};
		912A53F616E9A03D00BBC013 /* Life */ = {
			isa = PBXGroup;
			children = (
				912A53F716E9A09600BBC013 /* beining.jpg */,
				912A53F816E9A09600BBC013 /* CustomPagerViewController.h */,
				912A53F916E9A09600BBC013 /* CustomPagerViewController.m */,
				912A53FA16E9A09600BBC013 /* jungjeng.jpg */,
				912A53FB16E9A09600BBC013 /* MainStoryboard.storyboard */,
				912A53FC16E9A09600BBC013 /* PagerViewController.h */,
				912A53FD16E9A09600BBC013 /* PagerViewController.m */,
				912A53FE16E9A09600BBC013 /* PeopleModule.h */,
				912A53FF16E9A09600BBC013 /* PeopleModule.m */,
				912A540016E9A09600BBC013 /* shiangfeng.jpg */,
				912A540116E9A09600BBC013 /* shinfeng.jpg */,
			);
			name = Life;
			sourceTree = "<group>";
		};
		91A9003B16E854E400ECF2CF = {
			isa = PBXGroup;
			children = (
				91A9005016E854E500ECF2CF /* NTOU_Mobile */,
				91A9004916E854E500ECF2CF /* Frameworks */,
				91A9004716E854E500ECF2CF /* Products */,
			);
			sourceTree = "<group>";
		};
		91A9004716E854E500ECF2CF /* Products */ = {
			isa = PBXGroup;
			children = (
				91A9004616E854E500ECF2CF /* NTOU_Mobile.app */,
			);
			name = Products;
			sourceTree = "<group>";
		};
		91A9004916E854E500ECF2CF /* Frameworks */ = {
			isa = PBXGroup;
			children = (
				913A0D1D16E98F99007BAD8F /* MessageUI.framework */,
				91A9049616E8A02400ECF2CF /* SystemConfiguration.framework */,
				91A9049416E89FE300ECF2CF /* QuartzCore.framework */,
				91A9049216E89FAF00ECF2CF /* MapKit.framework */,
				91A9048716E89A3700ECF2CF /* libxml2.2.dylib */,
				91A9004A16E854E500ECF2CF /* UIKit.framework */,
				91A9004C16E854E500ECF2CF /* Foundation.framework */,
				91A9004E16E854E500ECF2CF /* CoreGraphics.framework */,
			);
			name = Frameworks;
			sourceTree = "<group>";
		};
		91A9005016E854E500ECF2CF /* NTOU_Mobile */ = {
			isa = PBXGroup;
			children = (
				912A53F616E9A03D00BBC013 /* Life */,
				912A53E816E99F7900BBC013 /* Guide */,
				91CAC0FF16E98D48000F9B32 /* Emergency */,
				91A903A616E899D100ECF2CF /* ShuttleTrack */,
				91A9029816E88E0D00ECF2CF /* Resources */,
				91A9007116E858A400ECF2CF /* common */,
				91A9006B16E8555D00ECF2CF /* NTOUSpringboard.h */,
				91A9006C16E8555D00ECF2CF /* NTOUSpringboard.m */,
				91A9008616E8659D00ECF2CF /* NTOUConstants.h */,
				91A9008716E8659E00ECF2CF /* NTOUConstants.m */,
				91A9005916E854E500ECF2CF /* AppDelegate.h */,
				91A9005A16E854E500ECF2CF /* AppDelegate.m */,
				91A9005116E854E500ECF2CF /* Supporting Files */,
				91A9008016E8609200ECF2CF /* Rotation.h */,
				91A9008116E8609200ECF2CF /* Rotation.m */,
			);
			path = NTOU_Mobile;
			sourceTree = "<group>";
		};
		91A9005116E854E500ECF2CF /* Supporting Files */ = {
			isa = PBXGroup;
			children = (
				91A9005216E854E500ECF2CF /* NTOU_Mobile-Info.plist */,
				91A9005316E854E500ECF2CF /* InfoPlist.strings */,
				91A9005616E854E500ECF2CF /* main.m */,
				91A9005816E854E500ECF2CF /* NTOU_Mobile-Prefix.pch */,
				91A9005C16E854E500ECF2CF /* Default.png */,
				91A9005E16E854E500ECF2CF /* Default@2x.png */,
				91A9006016E854E500ECF2CF /* Default-568h@2x.png */,
			);
			name = "Supporting Files";
			sourceTree = "<group>";
		};
		91A9007116E858A400ECF2CF /* common */ = {
			isa = PBXGroup;
			children = (
				913A0D1C16E98F66007BAD8F /* NTOUModule+Protected.h */,
				91A9048C16E89C8B00ECF2CF /* ClassLabelBasis.h */,
				91A9048D16E89C8B00ECF2CF /* ClassLabelBasis.m */,
				91A9048916E89BF100ECF2CF /* SecondaryGroupedTableViewCell.h */,
				91A9048A16E89BF100ECF2CF /* SecondaryGroupedTableViewCell.m */,
				91A9007816E85B3500ECF2CF /* NTOUModule.h */,
				91A9007916E85B3500ECF2CF /* NTOUModule.m */,
				91A9006E16E8589C00ECF2CF /* IconGrid.h */,
				91A9007616E85A9A00ECF2CF /* IconGrid.m */,
				91A9007216E8597400ECF2CF /* UIKit+NTOUAdditions.h */,
				91A9007316E8597400ECF2CF /* UIKit+NTOUAdditions.m */,
				91A9007516E85A2900ECF2CF /* NTOUUIConstants.h */,
				91A9007B16E85C5A00ECF2CF /* AppDelegate+ModuleList.h */,
				91A9007E16E85C8400ECF2CF /* AppDelegate+ModuleList.m */,
				91A9008316E8613800ECF2CF /* NTOU_MobileAppDelegate+Private.h */,
				91A9008416E8613800ECF2CF /* NTOU_MobileAppDelegate+Private.m */,
			);
			name = common;
			sourceTree = "<group>";
		};
		91A9029816E88E0D00ECF2CF /* Resources */ = {
			isa = PBXGroup;
			children = (
				91A9049A16E8A09A00ECF2CF /* icons */,
				91A903A016E88E9D00ECF2CF /* global */,
			);
			name = Resources;
			sourceTree = "<group>";
		};
		91A903A616E899D100ECF2CF /* ShuttleTrack */ = {
			isa = PBXGroup;
			children = (
				91A9048F16E89E5200ECF2CF /* StationInfoViewController.h */,
				91A9049016E89E5400ECF2CF /* StationInfoViewController.m */,
				91A903A716E899D200ECF2CF /* Annotation.h */,
				91A903A816E899D200ECF2CF /* Annotation.m */,
				91A903A916E899D200ECF2CF /* Calendar */,
				91A903B316E899D200ECF2CF /* DepatureViewController.h */,
				91A903B416E899D200ECF2CF /* DepatureViewController.m */,
				91A903B516E899D200ECF2CF /* DownloadingView.h */,
				91A903B616E899D200ECF2CF /* DownloadingView.m */,
				91A903B716E899D200ECF2CF /* EGORefreshTableHeaderView.h */,
				91A903B816E899D200ECF2CF /* EGORefreshTableHeaderView.m */,
				91A903B916E899D200ECF2CF /* HTSearchResultViewController.h */,
				91A903BA16E899D200ECF2CF /* HTSearchResultViewController.m */,
				91A903BB16E899D200ECF2CF /* Info.png */,
				91A903BC16E899D200ECF2CF /* K_data.plist */,
				91A903BD16E899D200ECF2CF /* K_RouteViewController.h */,
				91A903BE16E899D200ECF2CF /* K_RouteViewController.m */,
				91A903BF16E899D200ECF2CF /* K_TimeView.h */,
				91A903C016E899D200ECF2CF /* K_TimeView.m */,
				91A903C116E899D200ECF2CF /* Kuo_Data.h */,
				91A903C216E899D200ECF2CF /* Kuo_Data.m */,
				91A903C316E899D200ECF2CF /* KUO_Data_Bra2.h */,
				91A903C416E899D200ECF2CF /* KUO_Data_Bra2.m */,
				91A903C516E899D200ECF2CF /* KUO_KUANGViewController.h */,
				91A903C616E899D200ECF2CF /* KUO_KUANGViewController.m */,
				91A903C716E899D200ECF2CF /* KUO_RouteViewController_Bra2.h */,
				91A903C816E899D200ECF2CF /* KUO_RouteViewController_Bra2.m */,
				91A903C916E899D200ECF2CF /* KUO_TimeViewController.h */,
				91A903CA16E899D200ECF2CF /* KUO_TimeViewController.m */,
				91A903CB16E899D200ECF2CF /* Model */,
				91A903D816E899D200ECF2CF /* money-icon.png */,
				91A903DF16E899D200ECF2CF /* NTOUTableViewControllerLayer1.h */,
				91A903E016E899D200ECF2CF /* NTOUTableViewControllerLayer1.m */,
				91A903E116E899D200ECF2CF /* NTOUTableViewControllerLayer2.h */,
				91A903E216E899D200ECF2CF /* NTOUTableViewControllerLayer2.m */,
				91A903E316E899D200ECF2CF /* OtherTrafficTrapViewController.h */,
				91A903E416E899D200ECF2CF /* OtherTrafficTrapViewController.m */,
				91A903E516E899D200ECF2CF /* RequestOperation.h */,
				91A903E616E899D200ECF2CF /* RequestOperation.m */,
				91A903E716E899D200ECF2CF /* resource */,
				91A903F016E899D200ECF2CF /* RouteDetailViewController.h */,
				91A903F116E899D200ECF2CF /* RouteDetailViewController.m */,
				91A903F916E899D200ECF2CF /* setHTOriginAndTerminalViewController.h */,
				91A903FA16E899D200ECF2CF /* setHTOriginAndTerminalViewController.m */,
				91A903FB16E899D200ECF2CF /* SetOriginAndStationViewController.h */,
				91A903FC16E899D200ECF2CF /* SetOriginAndStationViewController.m */,
				91A903FD16E899D200ECF2CF /* SetStationViewController.h */,
				91A903FE16E899D200ECF2CF /* SetStationViewController.m */,
				91A903FF16E899D200ECF2CF /* SetTimeViewController.h */,
				91A9040016E899D200ECF2CF /* SetTimeViewController.m */,
				91A9040516E899D200ECF2CF /* ShuttleModule.h */,
				91A9040616E899D200ECF2CF /* ShuttleModule.m */,
				91A9041A16E899D200ECF2CF /* stationNum.txt */,
				91A9041B16E899D200ECF2CF /* stationNumber.plist */,
				91A9041C16E899D200ECF2CF /* StationPicker */,
				91A9042316E899D200ECF2CF /* StationView.h */,
				91A9042416E899D200ECF2CF /* StationView.m */,
				91A9042516E899D200ECF2CF /* StopsLocationMapViewController.h */,
				91A9042616E899D200ECF2CF /* StopsLocationMapViewController.m */,
				91A9042716E899D200ECF2CF /* StopsLocationViewController.h */,
				91A9042816E899D200ECF2CF /* StopsLocationViewController.m */,
				91A9042916E899D200ECF2CF /* StopsViewController.h */,
				91A9042A16E899D200ECF2CF /* StopsViewController.m */,
				91A9042B16E899D200ECF2CF /* TFHpple.h */,
				91A9042C16E899D200ECF2CF /* TFHpple.m */,
				91A9042D16E899D200ECF2CF /* TFHppleElement.h */,
				91A9042E16E899D200ECF2CF /* TFHppleElement.m */,
				91A9042F16E899D200ECF2CF /* ThroughTap.h */,
				91A9043016E899D200ECF2CF /* ThroughTap.m */,
				91A9043116E899D200ECF2CF /* Time.png */,
				91A9043216E899D200ECF2CF /* TrainStyleViewController.h */,
				91A9043316E899D200ECF2CF /* TrainStyleViewController.m */,
				91A9043416E899D200ECF2CF /* XPathQuery.h */,
				91A9043516E899D200ECF2CF /* XPathQuery.m */,
			);
			name = ShuttleTrack;
			path = module/ShuttleTrack;
			sourceTree = "<group>";
		};
		91A903A916E899D200ECF2CF /* Calendar */ = {
			isa = PBXGroup;
			children = (
				91A903AA16E899D200ECF2CF /* CKCalendarView.h */,
				91A903AB16E899D200ECF2CF /* CKCalendarView.m */,
				91A903AC16E899D200ECF2CF /* CKViewController.h */,
				91A903AD16E899D200ECF2CF /* CKViewController.m */,
				91A903AE16E899D200ECF2CF /* CKViewDelegate.h */,
				91A903AF16E899D200ECF2CF /* LayoutStyle.h */,
				91A903B016E899D200ECF2CF /* left_arrow.png */,
				91A903B116E899D200ECF2CF /* LunarDataSource.h */,
				91A903B216E899D200ECF2CF /* right_arrow.png */,
			);
			path = Calendar;
			sourceTree = "<group>";
		};
		91A903CB16E899D200ECF2CF /* Model */ = {
			isa = PBXGroup;
			children = (
				91A903CC16E899D200ECF2CF /* NTOUGuide3ViewController.h */,
				91A903CD16E899D200ECF2CF /* NTOUGuide3ViewController.m */,
				91A903CE16E899D200ECF2CF /* NTOUGuide4ViewController.h */,
				91A903CF16E899D200ECF2CF /* NTOUGuide4ViewController.m */,
			);
			path = Model;
			sourceTree = "<group>";
		};
		91A903E716E899D200ECF2CF /* resource */ = {
			isa = PBXGroup;
			children = (
				91A903E816E899D200ECF2CF /* bank.png */,
				91A903E916E899D200ECF2CF /* gigoung_train.png */,
				91A903EA16E899D200ECF2CF /* local_speed_train.png */,
				91A903EB16E899D200ECF2CF /* local_train.png */,
				91A903EC16E899D200ECF2CF /* magnify.png */,
				91A903ED16E899D200ECF2CF /* speed_train.png */,
				91A903EE16E899D200ECF2CF /* TimeDrive.png */,
				91A903EF16E899D200ECF2CF /* train.png */,
			);
			path = resource;
			sourceTree = "<group>";
		};
		91A9041C16E899D200ECF2CF /* StationPicker */ = {
			isa = PBXGroup;
			children = (
				91A9041D16E899D200ECF2CF /* pickerBackground.png */,
				91A9041E16E899D200ECF2CF /* pickerBackground@2x.png */,
				91A9041F16E899D200ECF2CF /* pickerGlass.png */,
				91A9042016E899D200ECF2CF /* pickerGlass@2x.png */,
				91A9042116E899D200ECF2CF /* pickerShadows.png */,
				91A9042216E899D200ECF2CF /* StationPickerBackgroundShadows.png */,
			);
			path = StationPicker;
			sourceTree = "<group>";
		};
		91CAC0FF16E98D48000F9B32 /* Emergency */ = {
			isa = PBXGroup;
			children = (
				913A0D0D16E98EBA007BAD8F /* CameraViewController.h */,
				913A0D0E16E98EBA007BAD8F /* CameraViewController.m */,
				913A0D0F16E98EBA007BAD8F /* Emergency.xcdatamodeld */,
				913A0D1016E98EBA007BAD8F /* EmergencyModule.h */,
				913A0D1116E98EBA007BAD8F /* EmergencyModule.m */,
				913A0D1216E98EBA007BAD8F /* EmergencyViewController.h */,
				913A0D1316E98EBA007BAD8F /* EmergencyViewController.m */,
				913A0D1416E98EBA007BAD8F /* OutCampusViewController.h */,
				913A0D1516E98EBA007BAD8F /* OutCampusViewController.m */,
			);
			name = Emergency;
			path = module/Emergency;
			sourceTree = "<group>";
		};
/* End PBXGroup section */

/* Begin PBXNativeTarget section */
		91A9004516E854E500ECF2CF /* NTOU_Mobile */ = {
			isa = PBXNativeTarget;
			buildConfigurationList = 91A9006416E854E500ECF2CF /* Build configuration list for PBXNativeTarget "NTOU_Mobile" */;
			buildPhases = (
				91A9004216E854E500ECF2CF /* Sources */,
				91A9004316E854E500ECF2CF /* Frameworks */,
				91A9004416E854E500ECF2CF /* Resources */,
			);
			buildRules = (
			);
			dependencies = (
			);
			name = NTOU_Mobile;
			productName = NTOU_Mobile;
			productReference = 91A9004616E854E500ECF2CF /* NTOU_Mobile.app */;
			productType = "com.apple.product-type.application";
		};
/* End PBXNativeTarget section */

/* Begin PBXProject section */
		91A9003D16E854E400ECF2CF /* Project object */ = {
			isa = PBXProject;
			attributes = {
				LastUpgradeCheck = 0450;
				ORGANIZATIONNAME = NTOUcs_MAC;
			};
			buildConfigurationList = 91A9004016E854E500ECF2CF /* Build configuration list for PBXProject "NTOU_Mobile" */;
			compatibilityVersion = "Xcode 3.2";
			developmentRegion = English;
			hasScannedForEncodings = 0;
			knownRegions = (
				en,
			);
			mainGroup = 91A9003B16E854E400ECF2CF;
			productRefGroup = 91A9004716E854E500ECF2CF /* Products */;
			projectDirPath = "";
			projectRoot = "";
			targets = (
				91A9004516E854E500ECF2CF /* NTOU_Mobile */,
			);
		};
/* End PBXProject section */

/* Begin PBXResourcesBuildPhase section */
		91A9004416E854E500ECF2CF /* Resources */ = {
			isa = PBXResourcesBuildPhase;
			buildActionMask = 2147483647;
			files = (
				91A9005516E854E500ECF2CF /* InfoPlist.strings in Resources */,
				91A9005D16E854E500ECF2CF /* Default.png in Resources */,
				91A9005F16E854E500ECF2CF /* Default@2x.png in Resources */,
				91A9006116E854E500ECF2CF /* Default-568h@2x.png in Resources */,
				91A903A116E88E9D00ECF2CF /* global in Resources */,
				91A9043916E899D200ECF2CF /* left_arrow.png in Resources */,
				91A9043A16E899D200ECF2CF /* right_arrow.png in Resources */,
				91A9043F16E899D200ECF2CF /* Info.png in Resources */,
				91A9044016E899D200ECF2CF /* K_data.plist in Resources */,
				91A9044E16E899D200ECF2CF /* money-icon.png in Resources */,
				91A9045616E899D200ECF2CF /* bank.png in Resources */,
				91A9045716E899D200ECF2CF /* gigoung_train.png in Resources */,
				91A9045816E899D200ECF2CF /* local_speed_train.png in Resources */,
				91A9045916E899D200ECF2CF /* local_train.png in Resources */,
				91A9045A16E899D200ECF2CF /* magnify.png in Resources */,
				91A9045B16E899D200ECF2CF /* speed_train.png in Resources */,
				91A9045C16E899D200ECF2CF /* TimeDrive.png in Resources */,
				91A9045D16E899D200ECF2CF /* train.png in Resources */,
				91A9047516E899D200ECF2CF /* stationNum.txt in Resources */,
				91A9047616E899D200ECF2CF /* stationNumber.plist in Resources */,
				91A9047716E899D200ECF2CF /* pickerBackground.png in Resources */,
				91A9047816E899D200ECF2CF /* pickerBackground@2x.png in Resources */,
				91A9047916E899D200ECF2CF /* pickerGlass.png in Resources */,
				91A9047A16E899D200ECF2CF /* pickerGlass@2x.png in Resources */,
				91A9047B16E899D200ECF2CF /* pickerShadows.png in Resources */,
				91A9047C16E899D200ECF2CF /* StationPickerBackgroundShadows.png in Resources */,
				91A9048416E899D200ECF2CF /* Time.png in Resources */,
				91A9049B16E8A09A00ECF2CF /* icons in Resources */,
				912A540216E9A09600BBC013 /* beining.jpg in Resources */,
				912A540416E9A09600BBC013 /* jungjeng.jpg in Resources */,
				912A540516E9A09600BBC013 /* MainStoryboard.storyboard in Resources */,
				912A540816E9A09600BBC013 /* shiangfeng.jpg in Resources */,
				912A540916E9A09600BBC013 /* shinfeng.jpg in Resources */,
			);
			runOnlyForDeploymentPostprocessing = 0;
		};
/* End PBXResourcesBuildPhase section */

/* Begin PBXSourcesBuildPhase section */
		91A9004216E854E500ECF2CF /* Sources */ = {
			isa = PBXSourcesBuildPhase;
			buildActionMask = 2147483647;
			files = (
				91A9005716E854E500ECF2CF /* main.m in Sources */,
				91A9005B16E854E500ECF2CF /* AppDelegate.m in Sources */,
				91A9006D16E8555D00ECF2CF /* NTOUSpringboard.m in Sources */,
				91A9007416E8597400ECF2CF /* UIKit+NTOUAdditions.m in Sources */,
				91A9007716E85A9A00ECF2CF /* IconGrid.m in Sources */,
				91A9007A16E85B3500ECF2CF /* NTOUModule.m in Sources */,
				91A9007F16E85C8400ECF2CF /* AppDelegate+ModuleList.m in Sources */,
				91A9008216E8609200ECF2CF /* Rotation.m in Sources */,
				91A9008516E8613800ECF2CF /* NTOU_MobileAppDelegate+Private.m in Sources */,
				91A9008816E8659E00ECF2CF /* NTOUConstants.m in Sources */,
				91A9043616E899D200ECF2CF /* Annotation.m in Sources */,
				91A9043716E899D200ECF2CF /* CKCalendarView.m in Sources */,
				91A9043816E899D200ECF2CF /* CKViewController.m in Sources */,
				91A9043B16E899D200ECF2CF /* DepatureViewController.m in Sources */,
				91A9043C16E899D200ECF2CF /* DownloadingView.m in Sources */,
				91A9043D16E899D200ECF2CF /* EGORefreshTableHeaderView.m in Sources */,
				91A9043E16E899D200ECF2CF /* HTSearchResultViewController.m in Sources */,
				91A9044116E899D200ECF2CF /* K_RouteViewController.m in Sources */,
				91A9044216E899D200ECF2CF /* K_TimeView.m in Sources */,
				91A9044316E899D200ECF2CF /* Kuo_Data.m in Sources */,
				91A9044416E899D200ECF2CF /* KUO_Data_Bra2.m in Sources */,
				91A9044516E899D200ECF2CF /* KUO_KUANGViewController.m in Sources */,
				91A9044616E899D200ECF2CF /* KUO_RouteViewController_Bra2.m in Sources */,
				91A9044716E899D200ECF2CF /* KUO_TimeViewController.m in Sources */,
				91A9044816E899D200ECF2CF /* NTOUGuide3ViewController.m in Sources */,
				91A9044916E899D200ECF2CF /* NTOUGuide4ViewController.m in Sources */,
				91A9045216E899D200ECF2CF /* NTOUTableViewControllerLayer1.m in Sources */,
				91A9045316E899D200ECF2CF /* NTOUTableViewControllerLayer2.m in Sources */,
				91A9045416E899D200ECF2CF /* OtherTrafficTrapViewController.m in Sources */,
				91A9045516E899D200ECF2CF /* RequestOperation.m in Sources */,
				91A9045E16E899D200ECF2CF /* RouteDetailViewController.m in Sources */,
				91A9046316E899D200ECF2CF /* setHTOriginAndTerminalViewController.m in Sources */,
				91A9046416E899D200ECF2CF /* SetOriginAndStationViewController.m in Sources */,
				91A9046516E899D200ECF2CF /* SetStationViewController.m in Sources */,
				91A9046616E899D200ECF2CF /* SetTimeViewController.m in Sources */,
				91A9046916E899D200ECF2CF /* ShuttleModule.m in Sources */,
				91A9047D16E899D200ECF2CF /* StationView.m in Sources */,
				91A9047E16E899D200ECF2CF /* StopsLocationMapViewController.m in Sources */,
				91A9047F16E899D200ECF2CF /* StopsLocationViewController.m in Sources */,
				91A9048016E899D200ECF2CF /* StopsViewController.m in Sources */,
				91A9048116E899D200ECF2CF /* TFHpple.m in Sources */,
				91A9048216E899D200ECF2CF /* TFHppleElement.m in Sources */,
				91A9048316E899D200ECF2CF /* ThroughTap.m in Sources */,
				91A9048516E899D200ECF2CF /* TrainStyleViewController.m in Sources */,
				91A9048616E899D200ECF2CF /* XPathQuery.m in Sources */,
				91A9048B16E89BF200ECF2CF /* SecondaryGroupedTableViewCell.m in Sources */,
				91A9048E16E89C8B00ECF2CF /* ClassLabelBasis.m in Sources */,
				91A9049116E89E5500ECF2CF /* StationInfoViewController.m in Sources */,
				913A0D1616E98EBA007BAD8F /* CameraViewController.m in Sources */,
				913A0D1716E98EBA007BAD8F /* Emergency.xcdatamodeld in Sources */,
				913A0D1816E98EBA007BAD8F /* EmergencyModule.m in Sources */,
				913A0D1916E98EBA007BAD8F /* EmergencyViewController.m in Sources */,
				913A0D1A16E98EBA007BAD8F /* OutCampusViewController.m in Sources */,
				912A53EF16E99F7900BBC013 /* NTOUGuide2ViewController.m in Sources */,
				912A53F016E99F7900BBC013 /* NTOUGuideSetViewController.m in Sources */,
				912A53F116E99F7900BBC013 /* NTOUGuideViewController.m in Sources */,
				912A53F516E99FF500BBC013 /* CMModule.m in Sources */,
				912A540316E9A09600BBC013 /* CustomPagerViewController.m in Sources */,
				912A540616E9A09600BBC013 /* PagerViewController.m in Sources */,
				912A540716E9A09600BBC013 /* PeopleModule.m in Sources */,
			);
			runOnlyForDeploymentPostprocessing = 0;
		};
/* End PBXSourcesBuildPhase section */

/* Begin PBXVariantGroup section */
		91A9005316E854E500ECF2CF /* InfoPlist.strings */ = {
			isa = PBXVariantGroup;
			children = (
				91A9005416E854E500ECF2CF /* en */,
			);
			name = InfoPlist.strings;
			sourceTree = "<group>";
		};
/* End PBXVariantGroup section */

/* Begin XCBuildConfiguration section */
		91A9006216E854E500ECF2CF /* Debug */ = {
			isa = XCBuildConfiguration;
			buildSettings = {
				ALWAYS_SEARCH_USER_PATHS = NO;
				CLANG_CXX_LANGUAGE_STANDARD = "gnu++0x";
				CLANG_CXX_LIBRARY = "libc++";
				CLANG_WARN_EMPTY_BODY = YES;
				CLANG_WARN__DUPLICATE_METHOD_MATCH = YES;
				"CODE_SIGN_IDENTITY[sdk=iphoneos*]" = "iPhone Developer";
				COPY_PHASE_STRIP = NO;
				GCC_C_LANGUAGE_STANDARD = gnu99;
				GCC_DYNAMIC_NO_PIC = NO;
				GCC_OPTIMIZATION_LEVEL = 0;
				GCC_PREPROCESSOR_DEFINITIONS = (
					"DEBUG=1",
					"$(inherited)",
				);
				GCC_SYMBOLS_PRIVATE_EXTERN = NO;
				GCC_WARN_ABOUT_RETURN_TYPE = YES;
				GCC_WARN_UNINITIALIZED_AUTOS = YES;
				GCC_WARN_UNUSED_VARIABLE = YES;
				HEADER_SEARCH_PATHS = "${SDK_DIR}/usr/include/libxml2";
				IPHONEOS_DEPLOYMENT_TARGET = 6.0;
				ONLY_ACTIVE_ARCH = YES;
				OTHER_LDFLAGS = (
					"-all_load",
					"-ObjC",
				);
				SDKROOT = iphoneos;
				USER_HEADER_SEARCH_PATHS = "";
			};
			name = Debug;
		};
		91A9006316E854E500ECF2CF /* Release */ = {
			isa = XCBuildConfiguration;
			buildSettings = {
				ALWAYS_SEARCH_USER_PATHS = NO;
				CLANG_CXX_LANGUAGE_STANDARD = "gnu++0x";
				CLANG_CXX_LIBRARY = "libc++";
				CLANG_WARN_EMPTY_BODY = YES;
				CLANG_WARN__DUPLICATE_METHOD_MATCH = YES;
				"CODE_SIGN_IDENTITY[sdk=iphoneos*]" = "iPhone Developer";
				COPY_PHASE_STRIP = YES;
				GCC_C_LANGUAGE_STANDARD = gnu99;
				GCC_WARN_ABOUT_RETURN_TYPE = YES;
				GCC_WARN_UNINITIALIZED_AUTOS = YES;
				GCC_WARN_UNUSED_VARIABLE = YES;
				HEADER_SEARCH_PATHS = "${SDK_DIR}/usr/include/libxml2";
				IPHONEOS_DEPLOYMENT_TARGET = 6.0;
				OTHER_CFLAGS = "-DNS_BLOCK_ASSERTIONS=1";
				OTHER_LDFLAGS = (
					"-all_load",
					"-ObjC",
				);
				SDKROOT = iphoneos;
				USER_HEADER_SEARCH_PATHS = "";
				VALIDATE_PRODUCT = YES;
			};
			name = Release;
		};
		91A9006516E854E500ECF2CF /* Debug */ = {
			isa = XCBuildConfiguration;
			buildSettings = {
				GCC_PRECOMPILE_PREFIX_HEADER = YES;
				GCC_PREFIX_HEADER = "NTOU_Mobile/NTOU_Mobile-Prefix.pch";
				INFOPLIST_FILE = "NTOU_Mobile/NTOU_Mobile-Info.plist";
				PRODUCT_NAME = "$(TARGET_NAME)";
				WRAPPER_EXTENSION = app;
			};
			name = Debug;
		};
		91A9006616E854E500ECF2CF /* Release */ = {
			isa = XCBuildConfiguration;
			buildSettings = {
				GCC_PRECOMPILE_PREFIX_HEADER = YES;
				GCC_PREFIX_HEADER = "NTOU_Mobile/NTOU_Mobile-Prefix.pch";
				INFOPLIST_FILE = "NTOU_Mobile/NTOU_Mobile-Info.plist";
				PRODUCT_NAME = "$(TARGET_NAME)";
				WRAPPER_EXTENSION = app;
			};
			name = Release;
		};
/* End XCBuildConfiguration section */

/* Begin XCConfigurationList section */
		91A9004016E854E500ECF2CF /* Build configuration list for PBXProject "NTOU_Mobile" */ = {
			isa = XCConfigurationList;
			buildConfigurations = (
				91A9006216E854E500ECF2CF /* Debug */,
				91A9006316E854E500ECF2CF /* Release */,
			);
			defaultConfigurationIsVisible = 0;
			defaultConfigurationName = Release;
		};
		91A9006416E854E500ECF2CF /* Build configuration list for PBXNativeTarget "NTOU_Mobile" */ = {
			isa = XCConfigurationList;
			buildConfigurations = (
				91A9006516E854E500ECF2CF /* Debug */,
				91A9006616E854E500ECF2CF /* Release */,
			);
			defaultConfigurationIsVisible = 0;
			defaultConfigurationName = Release;
		};
/* End XCConfigurationList section */

/* Begin XCVersionGroup section */
		913A0D0F16E98EBA007BAD8F /* Emergency.xcdatamodeld */ = {
			isa = XCVersionGroup;
			children = (
			);
			path = Emergency.xcdatamodeld;
			sourceTree = "<group>";
			versionGroupType = wrapper.xcdatamodel;
		};
/* End XCVersionGroup section */
	};
	rootObject = 91A9003D16E854E400ECF2CF /* Project object */;
}
